
Microsoft Visual Studio Solution File, Format Version 12.00
# Visual Studio Version 17
VisualStudioVersion = 17.10.35027.167
MinimumVisualStudioVersion = 10.0.40219.1
Project("{FAE04EC0-301F-11D3-BF4B-00C04F79EFBC}") = "GoodsInventory", "GoodsInventory\GoodsInventory.csproj", "{465330AE-A035-4E29-A999-CF37CE44BEAA}"
EndProject
Global
	GlobalSection(SolutionConfigurationPlatforms) = preSolution
		Debug|Any CPU = Debug|Any CPU
		Release|Any CPU = Release|Any CPU
	EndGlobalSection
	GlobalSection(ProjectConfigurationPlatforms) = postSolution
		{465330AE-A035-4E29-A999-CF37CE44BEAA}.Debug|Any CPU.ActiveCfg = Debug|Any CPU
		{465330AE-A035-4E29-A999-CF37CE44BEAA}.Debug|Any CPU.Build.0 = Debug|Any CPU
		{465330AE-A035-4E29-A999-CF37CE44BEAA}.Release|Any CPU.ActiveCfg = Release|Any CPU
		{465330AE-A035-4E29-A999-CF37CE44BEAA}.Release|Any CPU.Build.0 = Release|Any CPU
	EndGlobalSection
	GlobalSection(SolutionProperties) = preSolution
		HideSolutionNode = FALSE
	EndGlobalSection
	GlobalSection(ExtensibilityGlobals) = postSolution
		SolutionGuid = {9EC4DBD7-EE62-4C0E-BCC1-C12A8B792333}
	EndGlobalSection
EndGlobal
